
Microsoft Visual Studio Solution File, Format Version 12.00
# Visual Studio Version 17
VisualStudioVersion = 17.0.32014.148
MinimumVisualStudioVersion = 10.0.40219.1
Project("{9A19103F-16F7-4668-BE54-9A1E7A4F7556}") = "EpamTaskTwo", "EpamSecond\EpamTaskTwo.csproj", "{3931318D-A374-47F7-A133-28C8B29912AA}"
EndProject
Project("{FAE04EC0-301F-11D3-BF4B-00C04F79EFBC}") = "Tests", "Tests\Tests.csproj", "{BF78D092-8A1F-4B9B-81CF-87795FDDFE64}"
EndProject
Global
	GlobalSection(SolutionConfigurationPlatforms) = preSolution
		Debug|Any CPU = Debug|Any CPU
		Release|Any CPU = Release|Any CPU
	EndGlobalSection
	GlobalSection(ProjectConfigurationPlatforms) = postSolution
		{3931318D-A374-47F7-A133-28C8B29912AA}.Debug|Any CPU.ActiveCfg = Debug|Any CPU
		{3931318D-A374-47F7-A133-28C8B29912AA}.Debug|Any CPU.Build.0 = Debug|Any CPU
		{3931318D-A374-47F7-A133-28C8B29912AA}.Release|Any CPU.ActiveCfg = Release|Any CPU
		{3931318D-A374-47F7-A133-28C8B29912AA}.Release|Any CPU.Build.0 = Release|Any CPU
		{BF78D092-8A1F-4B9B-81CF-87795FDDFE64}.Debug|Any CPU.ActiveCfg = Debug|Any CPU
		{BF78D092-8A1F-4B9B-81CF-87795FDDFE64}.Debug|Any CPU.Build.0 = Debug|Any CPU
		{BF78D092-8A1F-4B9B-81CF-87795FDDFE64}.Release|Any CPU.ActiveCfg = Release|Any CPU
		{BF78D092-8A1F-4B9B-81CF-87795FDDFE64}.Release|Any CPU.Build.0 = Release|Any CPU
	EndGlobalSection
	GlobalSection(SolutionProperties) = preSolution
		HideSolutionNode = FALSE
	EndGlobalSection
	GlobalSection(ExtensibilityGlobals) = postSolution
		SolutionGuid = {0A8EE0F5-56EB-44EC-8166-9A77487A97E4}
	EndGlobalSection
EndGlobal
